<Project xmlns="http://schemas.microsoft.com/developer/msbuild/2003">
    <PropertyGroup>
        <ProjectGuid>{57C69AC0-7B5F-43DD-957C-8CC07D9D9092}</ProjectGuid>
        <MainSource>NetCom7.dpk</MainSource>
        <ProjectVersion>18.8</ProjectVersion>
        <Config Condition="'$(Config)'==''">Release</Config>
        <DCC_DCCCompiler>DCC32</DCC_DCCCompiler>
        <FrameworkType>None</FrameworkType>
        <Base>True</Base>
        <Platform Condition="'$(Platform)'==''">Win32</Platform>
        <TargetedPlatforms>32785</TargetedPlatforms>
        <AppType>Package</AppType>
    </PropertyGroup>
    <PropertyGroup Condition="'$(Config)'=='Base' or '$(Base)'!=''">
        <Base>true</Base>
    </PropertyGroup>
    <PropertyGroup Condition="('$(Platform)'=='Android' and '$(Base)'=='true') or '$(Base_Android)'!=''">
        <Base_Android>true</Base_Android>
        <CfgParent>Base</CfgParent>
        <Base>true</Base>
    </PropertyGroup>
    <PropertyGroup Condition="('$(Platform)'=='Android64' and '$(Base)'=='true') or '$(Base_Android64)'!=''">
        <Base_Android64>true</Base_Android64>
        <CfgParent>Base</CfgParent>
        <Base>true</Base>
    </PropertyGroup>
    <PropertyGroup Condition="('$(Platform)'=='iOSSimulator' and '$(Base)'=='true') or '$(Base_iOSSimulator)'!=''">
        <Base_iOSSimulator>true</Base_iOSSimulator>
        <CfgParent>Base</CfgParent>
        <Base>true</Base>
    </PropertyGroup>
    <PropertyGroup Condition="('$(Platform)'=='OSX32' and '$(Base)'=='true') or '$(Base_OSX32)'!=''">
        <Base_OSX32>true</Base_OSX32>
        <CfgParent>Base</CfgParent>
        <Base>true</Base>
    </PropertyGroup>
    <PropertyGroup Condition="('$(Platform)'=='OSX64' and '$(Base)'=='true') or '$(Base_OSX64)'!=''">
        <Base_OSX64>true</Base_OSX64>
        <CfgParent>Base</CfgParent>
        <Base>true</Base>
    </PropertyGroup>
    <PropertyGroup Condition="('$(Platform)'=='Win32' and '$(Base)'=='true') or '$(Base_Win32)'!=''">
        <Base_Win32>true</Base_Win32>
        <CfgParent>Base</CfgParent>
        <Base>true</Base>
    </PropertyGroup>
    <PropertyGroup Condition="('$(Platform)'=='Win64' and '$(Base)'=='true') or '$(Base_Win64)'!=''">
        <Base_Win64>true</Base_Win64>
        <CfgParent>Base</CfgParent>
        <Base>true</Base>
    </PropertyGroup>
    <PropertyGroup Condition="'$(Config)'=='Release' or '$(Cfg_1)'!=''">
        <Cfg_1>true</Cfg_1>
        <CfgParent>Base</CfgParent>
        <Base>true</Base>
    </PropertyGroup>
    <PropertyGroup Condition="'$(Config)'=='Debug' or '$(Cfg_2)'!=''">
        <Cfg_2>true</Cfg_2>
        <CfgParent>Base</CfgParent>
        <Base>true</Base>
    </PropertyGroup>
    <PropertyGroup Condition="('$(Platform)'=='Android' and '$(Cfg_2)'=='true') or '$(Cfg_2_Android)'!=''">
        <Cfg_2_Android>true</Cfg_2_Android>
        <CfgParent>Cfg_2</CfgParent>
        <Cfg_2>true</Cfg_2>
        <Base>true</Base>
    </PropertyGroup>
    <PropertyGroup Condition="('$(Platform)'=='Android64' and '$(Cfg_2)'=='true') or '$(Cfg_2_Android64)'!=''">
        <Cfg_2_Android64>true</Cfg_2_Android64>
        <CfgParent>Cfg_2</CfgParent>
        <Cfg_2>true</Cfg_2>
        <Base>true</Base>
    </PropertyGroup>
    <PropertyGroup Condition="'$(Base)'!=''">
        <VerInfo_Locale>1032</VerInfo_Locale>
        <VerInfo_AutoGenVersion>true</VerInfo_AutoGenVersion>
        <DCC_Namespace>System;Xml;Data;Datasnap;Web;Soap;Winapi;System.Win;Data.Win;Vcl;$(DCC_Namespace)</DCC_Namespace>
        <VerInfo_MajorVer>7</VerInfo_MajorVer>
        <VerInfo_Keys>CompanyName=Simetron Informatics;FileDescription=;FileVersion=7.0.0.522;InternalName=;LegalCopyright=Copyright © Simetron Informatics;LegalTrademarks=;OriginalFilename=;ProductName=;ProductVersion=1.0.0.0;Comments=</VerInfo_Keys>
        <VerInfo_IncludeVerInfo>true</VerInfo_IncludeVerInfo>
        <VerInfo_Build>522</VerInfo_Build>
        <DCC_StrictVarStrings>false</DCC_StrictVarStrings>
        <DCC_DebugInformation>0</DCC_DebugInformation>
        <DCC_AssertionsAtRuntime>false</DCC_AssertionsAtRuntime>
        <DesignOnlyPackage>false</DesignOnlyPackage>
        <DCC_Description>Simetron © NetCom7 Network Communications Suite</DCC_Description>
        <GenPackage>true</GenPackage>
        <DCC_SymbolReferenceInfo>0</DCC_SymbolReferenceInfo>
        <DCC_DependencyCheckOutputName>..\..\RAD Studio Output\Bpl\NetCom7.bpl</DCC_DependencyCheckOutputName>
        <GenDll>true</GenDll>
        <DCC_StringChecks>off</DCC_StringChecks>
        <DCC_Platform>x86</DCC_Platform>
        <DCC_ImageBase>00400000</DCC_ImageBase>
        <SanitizedProjectName>NetCom7</SanitizedProjectName>
    </PropertyGroup>
    <PropertyGroup Condition="'$(Base_Android)'!=''">
        <EnabledSysJars>android-support-v4.dex.jar;cloud-messaging.dex.jar;fmx.dex.jar;google-analytics-v2.dex.jar;google-play-billing.dex.jar;google-play-licensing.dex.jar;google-play-services.dex.jar</EnabledSysJars>
        <DCC_UsePackage>rtl;dbrtl;$(DCC_UsePackage)</DCC_UsePackage>
    </PropertyGroup>
    <PropertyGroup Condition="'$(Base_Android64)'!=''">
        <VerInfo_Keys>package=com.embarcadero.$(MSBuildProjectName);label=$(MSBuildProjectName);versionCode=1;versionName=1.0.0;persistent=False;restoreAnyVersion=False;installLocation=auto;largeHeap=False;theme=TitleBar;hardwareAccelerated=true;apiKey=</VerInfo_Keys>
        <BT_BuildType>Debug</BT_BuildType>
        <VerInfo_IncludeVerInfo>false</VerInfo_IncludeVerInfo>
        <Base_Android>true</Base_Android>
        <CfgParent>Base</CfgParent>
        <Base>true</Base>
        <EnabledSysJars>android-support-v4.dex.jar;cloud-messaging.dex.jar;fmx.dex.jar;google-analytics-v2.dex.jar;google-play-billing.dex.jar;google-play-licensing.dex.jar;google-play-services.dex.jar</EnabledSysJars>
        <DCC_UsePackage>rtl;dbrtl;$(DCC_UsePackage);$(DCC_UsePackage)</DCC_UsePackage>
    </PropertyGroup>
    <PropertyGroup Condition="'$(Base_iOSSimulator)'!=''">
        <DCC_UsePackage>rtl;dbrtl;$(DCC_UsePackage)</DCC_UsePackage>
    </PropertyGroup>
    <PropertyGroup Condition="'$(Base_OSX32)'!=''">
        <DCC_UsePackage>rtl;dbrtl;$(DCC_UsePackage)</DCC_UsePackage>
    </PropertyGroup>
    <PropertyGroup Condition="'$(Base_OSX64)'!=''">
        <VerInfo_Keys>CFBundleName=$(MSBuildProjectName);CFBundleDisplayName=$(MSBuildProjectName);CFBundleIdentifier=$(MSBuildProjectName);CFBundleVersion=1.0.0;CFBundleShortVersionString=1.0.0;CFBundlePackageType=APPL;CFBundleSignature=????;CFBundleAllowMixedLocalizations=YES;CFBundleExecutable=$(MSBuildProjectName);NSHighResolutionCapable=true;LSApplicationCategoryType=public.app-category.utilities;NSLocationUsageDescription=The reason for accessing the location information of the user;NSContactsUsageDescription=The reason for accessing the contacts</VerInfo_Keys>
        <BT_BuildType>Debug</BT_BuildType>
        <VerInfo_IncludeVerInfo>false</VerInfo_IncludeVerInfo>
        <Base_OSX32>true</Base_OSX32>
        <CfgParent>Base</CfgParent>
        <Base>true</Base>
        <DCC_UsePackage>rtl;dbrtl;$(DCC_UsePackage);$(DCC_UsePackage)</DCC_UsePackage>
    </PropertyGroup>
    <PropertyGroup Condition="'$(Base_Win32)'!=''">
        <Icon_MainIcon>NetCom7_Icon.ico</Icon_MainIcon>
        <DCC_Namespace>Datasnap.Win;Web.Win;Soap.Win;Xml.Win;Bde;$(DCC_Namespace)</DCC_Namespace>
        <VerInfo_Locale>1033</VerInfo_Locale>
        <VerInfo_Keys>CompanyName=;FileVersion=1.0.0.0;InternalName=;LegalCopyright=;LegalTrademarks=;OriginalFilename=;ProductVersion=1.0.0.0;Comments=;ProgramID=com.embarcadero.$(MSBuildProjectName);FileDescription=$(MSBuildProjectName);ProductName=$(MSBuildProjectName)</VerInfo_Keys>
        <VerInfo_IncludeVerInfo>true</VerInfo_IncludeVerInfo>
        <Manifest_File>$(BDS)\bin\default_app.manifest</Manifest_File>
        <AppEnableRuntimeThemes>true</AppEnableRuntimeThemes>
        <DCC_UsePackage>rtl;dbrtl;adortl;$(DCC_UsePackage)</DCC_UsePackage>
    </PropertyGroup>
    <PropertyGroup Condition="'$(Base_Win64)'!=''">
        <DCC_Namespace>Datasnap.Win;Web.Win;Soap.Win;Xml.Win;$(DCC_Namespace)</DCC_Namespace>
        <VerInfo_Locale>1033</VerInfo_Locale>
        <Icon_MainIcon>NetCom7_Icon.ico</Icon_MainIcon>
        <VerInfo_Keys>CompanyName=;FileDescription=;FileVersion=1.0.0.0;InternalName=;LegalCopyright=;LegalTrademarks=;OriginalFilename=;ProductName=;ProductVersion=1.0.0.0;Comments=</VerInfo_Keys>
        <Manifest_File>$(BDS)\bin\default_app.manifest</Manifest_File>
        <AppEnableRuntimeThemes>true</AppEnableRuntimeThemes>
        <DCC_UsePackage>rtl;dbrtl;adortl;$(DCC_UsePackage)</DCC_UsePackage>
    </PropertyGroup>
    <PropertyGroup Condition="'$(Cfg_1)'!=''">
        <DCC_AssertionsAtRuntime>false</DCC_AssertionsAtRuntime>
        <DCC_LocalDebugSymbols>false</DCC_LocalDebugSymbols>
        <DCC_Define>RELEASE;$(DCC_Define)</DCC_Define>
        <DCC_SymbolReferenceInfo>0</DCC_SymbolReferenceInfo>
    </PropertyGroup>
    <PropertyGroup Condition="'$(Cfg_2)'!=''">
        <DCC_DebugInformation>0</DCC_DebugInformation>
        <DCC_Optimize>false</DCC_Optimize>
        <DCC_Define>DEBUG;$(DCC_Define)</DCC_Define>
    </PropertyGroup>
    <PropertyGroup Condition="'$(Cfg_2_Android)'!=''">
        <BT_BuildType>Debug</BT_BuildType>
    </PropertyGroup>
    <PropertyGroup Condition="'$(Cfg_2_Android64)'!=''">
        <Cfg_2_Android>true</Cfg_2_Android>
        <CfgParent>Cfg_2</CfgParent>
        <Cfg_2>true</Cfg_2>
    </PropertyGroup>
    <ItemGroup>
        <DelphiCompile Include="$(MainSource)">
            <MainSource>MainSource</MainSource>
        </DelphiCompile>
        <DCCReference Include="Source\NetComRegister.dcr"/>
        <DCCReference Include="rtl.dcp"/>
        <DCCReference Include="DesignIDE.dcp"/>
        <DCCReference Include="dbrtl.dcp"/>
        <DCCReference Include="adortl.dcp"/>
        <DCCReference Include="Source\ncIntList.pas"/>
        <DCCReference Include="Source\ncThreads.pas"/>
        <DCCReference Include="Source\ncSockets.pas"/>
        <DCCReference Include="Source\ncSources.pas"/>
        <DCCReference Include="Source\ncCommandHandlers.pas"/>
        <DCCReference Include="Source\ncCompression.pas"/>
        <DCCReference Include="Source\ncEncryption.pas"/>
        <DCCReference Include="Source\Encryption\ncEncBlockciphers.pas"/>
        <DCCReference Include="Source\Encryption\ncEncBlowfish.pas"/>
        <DCCReference Include="Source\Encryption\ncEncCast128.pas"/>
        <DCCReference Include="Source\Encryption\ncEncCast256.pas"/>
        <DCCReference Include="Source\Encryption\ncEncCrypt2.pas"/>
        <DCCReference Include="Source\Encryption\ncEncDes.pas"/>
        <DCCReference Include="Source\Encryption\ncEncHaval.pas"/>
        <DCCReference Include="Source\Encryption\ncEncIce.pas"/>
        <DCCReference Include="Source\Encryption\ncEncIdea.pas"/>
        <DCCReference Include="Source\Encryption\ncEncMars.pas"/>
        <DCCReference Include="Source\Encryption\ncEncMd4.pas"/>
        <DCCReference Include="Source\Encryption\ncEncMd5.pas"/>
        <DCCReference Include="Source\Encryption\ncEncMisty1.pas"/>
        <DCCReference Include="Source\Encryption\ncEncRc2.pas"/>
        <DCCReference Include="Source\Encryption\ncEncRc4.pas"/>
        <DCCReference Include="Source\Encryption\ncEncRc5.pas"/>
        <DCCReference Include="Source\Encryption\ncEncRc6.pas"/>
        <DCCReference Include="Source\Encryption\ncEncRijndael.pas"/>
        <DCCReference Include="Source\Encryption\ncEncRipemd128.pas"/>
        <DCCReference Include="Source\Encryption\ncEncRipemd160.pas"/>
        <DCCReference Include="Source\Encryption\ncEncSerpent.pas"/>
        <DCCReference Include="Source\Encryption\ncEncSha1.pas"/>
        <DCCReference Include="Source\Encryption\ncEncSha256.pas"/>
        <DCCReference Include="Source\Encryption\ncEncSha512.pas"/>
        <DCCReference Include="Source\Encryption\ncEncTea.pas"/>
        <DCCReference Include="Source\Encryption\ncEncTiger.pas"/>
        <DCCReference Include="Source\Encryption\ncEncTwofish.pas"/>
        <DCCReference Include="Source\ncDBSrv.pas"/>
        <DCCReference Include="Source\ncDBCnt.pas"/>
        <DCCReference Include="Source\NetComRegister.pas"/>
        <DCCReference Include="Source\ncSerializeADO.pas"/>
        <DCCReference Include="Source\ncDBCommands.pas"/>
        <BuildConfiguration Include="Debug">
            <Key>Cfg_2</Key>
            <CfgParent>Base</CfgParent>
        </BuildConfiguration>
        <BuildConfiguration Include="Base">
            <Key>Base</Key>
        </BuildConfiguration>
        <BuildConfiguration Include="Release">
            <Key>Cfg_1</Key>
            <CfgParent>Base</CfgParent>
        </BuildConfiguration>
    </ItemGroup>
    <Import Project="$(BDS)\Bin\CodeGear.Delphi.Targets" Condition="Exists('$(BDS)\Bin\CodeGear.Delphi.Targets')"/>
    <ProjectExtensions>
        <Borland.Personality>Delphi.Personality.12</Borland.Personality>
        <Borland.ProjectType>Package</Borland.ProjectType>
        <BorlandProject>
            <Delphi.Personality>
                <Parameters>
                    <Parameters Name="UseLauncher">False</Parameters>
                    <Parameters Name="LoadAllSymbols">True</Parameters>
                    <Parameters Name="LoadUnspecifiedSymbols">False</Parameters>
                </Parameters>
                <VersionInfo>
                    <VersionInfo Name="IncludeVerInfo">True</VersionInfo>
                    <VersionInfo Name="AutoIncBuild">True</VersionInfo>
                    <VersionInfo Name="MajorVer">7</VersionInfo>
                    <VersionInfo Name="MinorVer">0</VersionInfo>
                    <VersionInfo Name="Release">0</VersionInfo>
                    <VersionInfo Name="Build">523</VersionInfo>
                    <VersionInfo Name="Debug">False</VersionInfo>
                    <VersionInfo Name="PreRelease">False</VersionInfo>
                    <VersionInfo Name="Special">False</VersionInfo>
                    <VersionInfo Name="Private">False</VersionInfo>
                    <VersionInfo Name="DLL">False</VersionInfo>
                    <VersionInfo Name="Locale">1032</VersionInfo>
                    <VersionInfo Name="CodePage">1253</VersionInfo>
                </VersionInfo>
                <VersionInfoKeys>
                    <VersionInfoKeys Name="CompanyName">Simetron Informatics</VersionInfoKeys>
                    <VersionInfoKeys Name="FileDescription"/>
                    <VersionInfoKeys Name="FileVersion">7.0.0.523</VersionInfoKeys>
                    <VersionInfoKeys Name="InternalName"/>
                    <VersionInfoKeys Name="LegalCopyright">Copyright © Simetron Informatics</VersionInfoKeys>
                    <VersionInfoKeys Name="LegalTrademarks"/>
                    <VersionInfoKeys Name="OriginalFilename"/>
                    <VersionInfoKeys Name="ProductName"/>
                    <VersionInfoKeys Name="ProductVersion">1.0.0.0</VersionInfoKeys>
                    <VersionInfoKeys Name="Comments"/>
                </VersionInfoKeys>
                <Excluded_Packages>
                    <Excluded_Packages Name="$(BDSBIN)\bcboffice2k140.bpl">Embarcadero C++Builder Office 2000 Servers Package</Excluded_Packages>
                    <Excluded_Packages Name="$(BDSBIN)\bcbofficexp140.bpl">Embarcadero C++Builder Office XP Servers Package</Excluded_Packages>
                    <Excluded_Packages Name="$(BDSBIN)\dcloffice2k140.bpl">Microsoft Office 2000 Sample Automation Server Wrapper Components</Excluded_Packages>
                </Excluded_Packages>
                <Source>
                    <Source Name="MainSource">NetCom7.dpk</Source>
                </Source>
            </Delphi.Personality>
            <Platforms>
                <Platform value="Android">True</Platform>
                <Platform value="Android64">True</Platform>
                <Platform value="iOSSimulator">False</Platform>
                <Platform value="OSX32">False</Platform>
                <Platform value="OSX64">False</Platform>
                <Platform value="Win32">True</Platform>
                <Platform value="Win64">False</Platform>
            </Platforms>
        </BorlandProject>
        <ProjectFileVersion>12</ProjectFileVersion>
    </ProjectExtensions>
    <Import Project="$(APPDATA)\Embarcadero\$(BDSAPPDATABASEDIR)\$(PRODUCTVERSION)\UserTools.proj" Condition="Exists('$(APPDATA)\Embarcadero\$(BDSAPPDATABASEDIR)\$(PRODUCTVERSION)\UserTools.proj')"/>
</Project>
